
Microsoft Visual Studio Solution File, Format Version 12.00
# Visual Studio Version 17
VisualStudioVersion = 17.7.34024.191
MinimumVisualStudioVersion = 10.0.40219.1
Project("{FAE04EC0-301F-11D3-BF4B-00C04F79EFBC}") = "NADashboard", "NADashboard.csproj", "{AD9E14E2-14F1-4081-B072-858538171DC9}"
EndProject
Global
	GlobalSection(SolutionConfigurationPlatforms) = preSolution
		Debug|Any CPU = Debug|Any CPU
		Release|Any CPU = Release|Any CPU
	EndGlobalSection
	GlobalSection(ProjectConfigurationPlatforms) = postSolution
		{AD9E14E2-14F1-4081-B072-858538171DC9}.Debug|Any CPU.ActiveCfg = Debug|Any CPU
		{AD9E14E2-14F1-4081-B072-858538171DC9}.Debug|Any CPU.Build.0 = Debug|Any CPU
		{AD9E14E2-14F1-4081-B072-858538171DC9}.Release|Any CPU.ActiveCfg = Release|Any CPU
		{AD9E14E2-14F1-4081-B072-858538171DC9}.Release|Any CPU.Build.0 = Release|Any CPU
	EndGlobalSection
	GlobalSection(SolutionProperties) = preSolution
		HideSolutionNode = FALSE
	EndGlobalSection
	GlobalSection(ExtensibilityGlobals) = postSolution
		SolutionGuid = {8EE25A9A-B1ED-4902-811A-B93877604804}
	EndGlobalSection
EndGlobal
